<?xml version="1.0" encoding="utf-8"?>
<Project ToolsVersion="4.0" xmlns="http://schemas.microsoft.com/developer/msbuild/2003">
  <ItemGroup>
    <Filter Include="소스 파일">
      <UniqueIdentifier>{4FC737F1-C7A5-4376-A066-2A32D752A2FF}</UniqueIdentifier>
      <Extensions>cpp;c;cc;cxx;c++;cppm;ixx;def;odl;idl;hpj;bat;asm;asmx</Extensions>
    </Filter>
    <Filter Include="헤더 파일">
      <UniqueIdentifier>{93995380-89BD-4b04-88EB-625FBE52EBFB}</UniqueIdentifier>
      <Extensions>h;hh;hpp;hxx;h++;hm;inl;inc;ipp;xsd</Extensions>
    </Filter>
    <Filter Include="리소스 파일">
      <UniqueIdentifier>{67DA6AB6-F800-4c08-8B7A-83BB121AAD01}</UniqueIdentifier>
      <Extensions>rc;ico;cur;bmp;dlg;rc2;rct;bin;rgs;gif;jpg;jpeg;jpe;resx;tiff;tif;png;wav;mfcribbon-ms</Extensions>
    </Filter>
    <Filter Include="01.Engine">
      <UniqueIdentifier>{9ef21898-24c4-42e2-b392-4de4efc17294}</UniqueIdentifier>
    </Filter>
    <Filter Include="01.Engine\01.Core">
      <UniqueIdentifier>{61638e5b-e3f9-4c47-86d3-7b95c965f417}</UniqueIdentifier>
    </Filter>
    <Filter Include="02.Util">
      <UniqueIdentifier>{7cdb8ba6-44e9-40c0-93bb-672ff8f9aae1}</UniqueIdentifier>
    </Filter>
    <Filter Include="03.GameObject">
      <UniqueIdentifier>{84f538e2-5366-4bff-a662-ec3b5a5775d2}</UniqueIdentifier>
    </Filter>
    <Filter Include="04.Scene">
      <UniqueIdentifier>{b6f1d04d-0718-4a1a-a69c-1b6e47616dfd}</UniqueIdentifier>
    </Filter>
    <Filter Include="02.Util\01.Manager">
      <UniqueIdentifier>{feef7991-deb7-435f-b0ba-1d95d67afa62}</UniqueIdentifier>
    </Filter>
  </ItemGroup>
  <ItemGroup>
    <ClInclude Include="framework.h">
      <Filter>헤더 파일</Filter>
    </ClInclude>
    <ClInclude Include="targetver.h">
      <Filter>헤더 파일</Filter>
    </ClInclude>
    <ClInclude Include="Resource.h">
      <Filter>헤더 파일</Filter>
    </ClInclude>
    <ClInclude Include="WinAPI2dImitation.h">
      <Filter>헤더 파일</Filter>
    </ClInclude>
    <ClInclude Include="CCore.h">
      <Filter>01.Engine\01.Core</Filter>
    </ClInclude>
    <ClInclude Include="CSingleton.h">
      <Filter>02.Util</Filter>
    </ClInclude>
    <ClInclude Include="Logger.h">
      <Filter>02.Util</Filter>
    </ClInclude>
    <ClInclude Include="struct.h">
      <Filter>02.Util</Filter>
    </ClInclude>
    <ClInclude Include="CGameObject.h">
      <Filter>03.GameObject</Filter>
    </ClInclude>
    <ClInclude Include="CScene.h">
      <Filter>04.Scene</Filter>
    </ClInclude>
    <ClInclude Include="enumClass.h">
      <Filter>02.Util</Filter>
    </ClInclude>
    <ClInclude Include="CTimeManager.h">
      <Filter>02.Util\01.Manager</Filter>
    </ClInclude>
    <ClInclude Include="CKeyManager.h">
      <Filter>02.Util\01.Manager</Filter>
    </ClInclude>
    <ClInclude Include="CSceneManager.h">
      <Filter>02.Util\01.Manager</Filter>
    </ClInclude>
    <ClInclude Include="CStartScene.h">
      <Filter>04.Scene</Filter>
    </ClInclude>
    <ClInclude Include="CTextObject.h">
      <Filter>03.GameObject</Filter>
    </ClInclude>
    <ClInclude Include="CPlayer.h">
      <Filter>03.GameObject</Filter>
    </ClInclude>
    <ClInclude Include="CInGameScene.h">
      <Filter>04.Scene</Filter>
    </ClInclude>
    <ClInclude Include="CGameManager.h">
      <Filter>02.Util\01.Manager</Filter>
    </ClInclude>
    <ClInclude Include="CMonster.h">
      <Filter>03.GameObject</Filter>
    </ClInclude>
    <ClInclude Include="CMissile.h">
      <Filter>03.GameObject</Filter>
    </ClInclude>
  </ItemGroup>
  <ItemGroup>
    <ClCompile Include="WinAPI2dImitation.cpp">
      <Filter>소스 파일</Filter>
    </ClCompile>
    <ClCompile Include="CCore.cpp">
      <Filter>01.Engine\01.Core</Filter>
    </ClCompile>
    <ClCompile Include="CGameObject.cpp">
      <Filter>03.GameObject</Filter>
    </ClCompile>
    <ClCompile Include="CScene.cpp">
      <Filter>04.Scene</Filter>
    </ClCompile>
    <ClCompile Include="CTimeManager.cpp">
      <Filter>02.Util\01.Manager</Filter>
    </ClCompile>
    <ClCompile Include="CKeyManager.cpp">
      <Filter>02.Util\01.Manager</Filter>
    </ClCompile>
    <ClCompile Include="CSceneManager.cpp">
      <Filter>02.Util\01.Manager</Filter>
    </ClCompile>
    <ClCompile Include="CStartScene.cpp">
      <Filter>04.Scene</Filter>
    </ClCompile>
    <ClCompile Include="CTextObject.cpp">
      <Filter>03.GameObject</Filter>
    </ClCompile>
    <ClCompile Include="CPlayer.cpp">
      <Filter>03.GameObject</Filter>
    </ClCompile>
    <ClCompile Include="CInGameScene.cpp">
      <Filter>04.Scene</Filter>
    </ClCompile>
    <ClCompile Include="CMonster.cpp">
      <Filter>03.GameObject</Filter>
    </ClCompile>
    <ClCompile Include="CMissile.cpp">
      <Filter>03.GameObject</Filter>
    </ClCompile>
    <ClCompile Include="CGameManager.cpp">
      <Filter>02.Util\01.Manager</Filter>
    </ClCompile>
  </ItemGroup>
  <ItemGroup>
    <ResourceCompile Include="WinAPI2dImitation.rc">
      <Filter>리소스 파일</Filter>
    </ResourceCompile>
  </ItemGroup>
  <ItemGroup>
    <Image Include="small.ico">
      <Filter>리소스 파일</Filter>
    </Image>
    <Image Include="WinAPI2dImitation.ico">
      <Filter>리소스 파일</Filter>
    </Image>
  </ItemGroup>
</Project>